
Microsoft Visual Studio Solution File, Format Version 12.00
# Visual Studio Version 16
VisualStudioVersion = 16.0.36324.18
MinimumVisualStudioVersion = 10.0.40219.1
Project("{FAE04EC0-301F-11D3-BF4B-00C04F79EFBC}") = "LMS.Business", "LMS.Business\LMS.Business.csproj", "{61693701-CD64-4A57-B1E5-892F9DFD029A}"
EndProject
Global
	GlobalSection(SolutionConfigurationPlatforms) = preSolution
		Debug|Any CPU = Debug|Any CPU
		Release|Any CPU = Release|Any CPU
	EndGlobalSection
	GlobalSection(ProjectConfigurationPlatforms) = postSolution
		{61693701-CD64-4A57-B1E5-892F9DFD029A}.Debug|Any CPU.ActiveCfg = Debug|Any CPU
		{61693701-CD64-4A57-B1E5-892F9DFD029A}.Debug|Any CPU.Build.0 = Debug|Any CPU
		{61693701-CD64-4A57-B1E5-892F9DFD029A}.Release|Any CPU.ActiveCfg = Release|Any CPU
		{61693701-CD64-4A57-B1E5-892F9DFD029A}.Release|Any CPU.Build.0 = Release|Any CPU
	EndGlobalSection
	GlobalSection(SolutionProperties) = preSolution
		HideSolutionNode = FALSE
	EndGlobalSection
	GlobalSection(ExtensibilityGlobals) = postSolution
		SolutionGuid = {BF051B41-8B12-43BE-AB3A-8AC27E3B0337}
	EndGlobalSection
EndGlobal
