
Microsoft Visual Studio Solution File, Format Version 12.00
# Visual Studio Version 16
VisualStudioVersion = 16.0.36324.18
MinimumVisualStudioVersion = 10.0.40219.1
Project("{FAE04EC0-301F-11D3-BF4B-00C04F79EFBC}") = "CMS.Logic", "CMS.Logic\CMS.Logic.csproj", "{C90B4158-A2CF-45A3-9B77-AE912BDABC6A}"
EndProject
Global
	GlobalSection(SolutionConfigurationPlatforms) = preSolution
		Debug|Any CPU = Debug|Any CPU
		Release|Any CPU = Release|Any CPU
	EndGlobalSection
	GlobalSection(ProjectConfigurationPlatforms) = postSolution
		{C90B4158-A2CF-45A3-9B77-AE912BDABC6A}.Debug|Any CPU.ActiveCfg = Debug|Any CPU
		{C90B4158-A2CF-45A3-9B77-AE912BDABC6A}.Debug|Any CPU.Build.0 = Debug|Any CPU
		{C90B4158-A2CF-45A3-9B77-AE912BDABC6A}.Release|Any CPU.ActiveCfg = Release|Any CPU
		{C90B4158-A2CF-45A3-9B77-AE912BDABC6A}.Release|Any CPU.Build.0 = Release|Any CPU
	EndGlobalSection
	GlobalSection(SolutionProperties) = preSolution
		HideSolutionNode = FALSE
	EndGlobalSection
	GlobalSection(ExtensibilityGlobals) = postSolution
		SolutionGuid = {5496E74B-F2C5-477C-9137-AFAE3D618ED9}
	EndGlobalSection
EndGlobal
